
Microsoft Visual Studio Solution File, Format Version 12.00
# Visual Studio Version 16
VisualStudioVersion = 16.0.32901.82
MinimumVisualStudioVersion = 10.0.40219.1
Project("{FAE04EC0-301F-11D3-BF4B-00C04F79EFBC}") = "Calculadora.UWP", "Calculadora.UWP\Calculadora.UWP.csproj", "{7B5CA4B4-7004-426F-B437-B23C0CDD85AD}"
EndProject
Project("{FAE04EC0-301F-11D3-BF4B-00C04F79EFBC}") = "Calculadora.Android", "Calculadora.Android\Calculadora.Android.csproj", "{27B095EE-46E6-490E-AEF0-19427F6ACD12}"
EndProject
Project("{FAE04EC0-301F-11D3-BF4B-00C04F79EFBC}") = "Calculadora.iOS", "Calculadora.iOS\Calculadora.iOS.csproj", "{E5E72561-2BC6-4897-918E-987DA6A95EDB}"
EndProject
Project("{FAE04EC0-301F-11D3-BF4B-00C04F79EFBC}") = "Calculadora", "Calculadora\Calculadora.csproj", "{3C868169-1797-428A-BA68-DAF1F2ABEA29}"
EndProject
Global
	GlobalSection(SolutionConfigurationPlatforms) = preSolution
		Debug|Any CPU = Debug|Any CPU
		Debug|ARM = Debug|ARM
		Debug|iPhone = Debug|iPhone
		Debug|iPhoneSimulator = Debug|iPhoneSimulator
		Debug|x64 = Debug|x64
		Debug|x86 = Debug|x86
		Release|Any CPU = Release|Any CPU
		Release|ARM = Release|ARM
		Release|iPhone = Release|iPhone
		Release|iPhoneSimulator = Release|iPhoneSimulator
		Release|x64 = Release|x64
		Release|x86 = Release|x86
	EndGlobalSection
	GlobalSection(ProjectConfigurationPlatforms) = postSolution
		{7B5CA4B4-7004-426F-B437-B23C0CDD85AD}.Debug|Any CPU.ActiveCfg = Debug|x86
		{7B5CA4B4-7004-426F-B437-B23C0CDD85AD}.Debug|Any CPU.Build.0 = Debug|x86
		{7B5CA4B4-7004-426F-B437-B23C0CDD85AD}.Debug|Any CPU.Deploy.0 = Debug|x86
		{7B5CA4B4-7004-426F-B437-B23C0CDD85AD}.Debug|ARM.ActiveCfg = Debug|ARM
		{7B5CA4B4-7004-426F-B437-B23C0CDD85AD}.Debug|ARM.Build.0 = Debug|ARM
		{7B5CA4B4-7004-426F-B437-B23C0CDD85AD}.Debug|ARM.Deploy.0 = Debug|ARM
		{7B5CA4B4-7004-426F-B437-B23C0CDD85AD}.Debug|iPhone.ActiveCfg = Debug|x86
		{7B5CA4B4-7004-426F-B437-B23C0CDD85AD}.Debug|iPhone.Build.0 = Debug|x86
		{7B5CA4B4-7004-426F-B437-B23C0CDD85AD}.Debug|iPhone.Deploy.0 = Debug|x86
		{7B5CA4B4-7004-426F-B437-B23C0CDD85AD}.Debug|iPhoneSimulator.ActiveCfg = Debug|x86
		{7B5CA4B4-7004-426F-B437-B23C0CDD85AD}.Debug|iPhoneSimulator.Build.0 = Debug|x86
		{7B5CA4B4-7004-426F-B437-B23C0CDD85AD}.Debug|iPhoneSimulator.Deploy.0 = Debug|x86
		{7B5CA4B4-7004-426F-B437-B23C0CDD85AD}.Debug|x64.ActiveCfg = Debug|x64
		{7B5CA4B4-7004-426F-B437-B23C0CDD85AD}.Debug|x64.Build.0 = Debug|x64
		{7B5CA4B4-7004-426F-B437-B23C0CDD85AD}.Debug|x64.Deploy.0 = Debug|x64
		{7B5CA4B4-7004-426F-B437-B23C0CDD85AD}.Debug|x86.ActiveCfg = Debug|x86
		{7B5CA4B4-7004-426F-B437-B23C0CDD85AD}.Debug|x86.Build.0 = Debug|x86
		{7B5CA4B4-7004-426F-B437-B23C0CDD85AD}.Debug|x86.Deploy.0 = Debug|x86
		{7B5CA4B4-7004-426F-B437-B23C0CDD85AD}.Release|Any CPU.ActiveCfg = Release|x86
		{7B5CA4B4-7004-426F-B437-B23C0CDD85AD}.Release|Any CPU.Build.0 = Release|x86
		{7B5CA4B4-7004-426F-B437-B23C0CDD85AD}.Release|Any CPU.Deploy.0 = Release|x86
		{7B5CA4B4-7004-426F-B437-B23C0CDD85AD}.Release|ARM.ActiveCfg = Release|ARM
		{7B5CA4B4-7004-426F-B437-B23C0CDD85AD}.Release|ARM.Build.0 = Release|ARM
		{7B5CA4B4-7004-426F-B437-B23C0CDD85AD}.Release|ARM.Deploy.0 = Release|ARM
		{7B5CA4B4-7004-426F-B437-B23C0CDD85AD}.Release|iPhone.ActiveCfg = Release|x86
		{7B5CA4B4-7004-426F-B437-B23C0CDD85AD}.Release|iPhone.Build.0 = Release|x86
		{7B5CA4B4-7004-426F-B437-B23C0CDD85AD}.Release|iPhone.Deploy.0 = Release|x86
		{7B5CA4B4-7004-426F-B437-B23C0CDD85AD}.Release|iPhoneSimulator.ActiveCfg = Release|x86
		{7B5CA4B4-7004-426F-B437-B23C0CDD85AD}.Release|iPhoneSimulator.Build.0 = Release|x86
		{7B5CA4B4-7004-426F-B437-B23C0CDD85AD}.Release|iPhoneSimulator.Deploy.0 = Release|x86
		{7B5CA4B4-7004-426F-B437-B23C0CDD85AD}.Release|x64.ActiveCfg = Release|x64
		{7B5CA4B4-7004-426F-B437-B23C0CDD85AD}.Release|x64.Build.0 = Release|x64
		{7B5CA4B4-7004-426F-B437-B23C0CDD85AD}.Release|x64.Deploy.0 = Release|x64
		{7B5CA4B4-7004-426F-B437-B23C0CDD85AD}.Release|x86.ActiveCfg = Release|x86
		{7B5CA4B4-7004-426F-B437-B23C0CDD85AD}.Release|x86.Build.0 = Release|x86
		{7B5CA4B4-7004-426F-B437-B23C0CDD85AD}.Release|x86.Deploy.0 = Release|x86
		{27B095EE-46E6-490E-AEF0-19427F6ACD12}.Debug|Any CPU.ActiveCfg = Debug|Any CPU
		{27B095EE-46E6-490E-AEF0-19427F6ACD12}.Debug|Any CPU.Build.0 = Debug|Any CPU
		{27B095EE-46E6-490E-AEF0-19427F6ACD12}.Debug|Any CPU.Deploy.0 = Debug|Any CPU
		{27B095EE-46E6-490E-AEF0-19427F6ACD12}.Debug|ARM.ActiveCfg = Debug|Any CPU
		{27B095EE-46E6-490E-AEF0-19427F6ACD12}.Debug|ARM.Build.0 = Debug|Any CPU
		{27B095EE-46E6-490E-AEF0-19427F6ACD12}.Debug|ARM.Deploy.0 = Debug|Any CPU
		{27B095EE-46E6-490E-AEF0-19427F6ACD12}.Debug|iPhone.ActiveCfg = Debug|Any CPU
		{27B095EE-46E6-490E-AEF0-19427F6ACD12}.Debug|iPhone.Build.0 = Debug|Any CPU
		{27B095EE-46E6-490E-AEF0-19427F6ACD12}.Debug|iPhone.Deploy.0 = Debug|Any CPU
		{27B095EE-46E6-490E-AEF0-19427F6ACD12}.Debug|iPhoneSimulator.ActiveCfg = Debug|Any CPU
		{27B095EE-46E6-490E-AEF0-19427F6ACD12}.Debug|iPhoneSimulator.Build.0 = Debug|Any CPU
		{27B095EE-46E6-490E-AEF0-19427F6ACD12}.Debug|iPhoneSimulator.Deploy.0 = Debug|Any CPU
		{27B095EE-46E6-490E-AEF0-19427F6ACD12}.Debug|x64.ActiveCfg = Debug|Any CPU
		{27B095EE-46E6-490E-AEF0-19427F6ACD12}.Debug|x64.Build.0 = Debug|Any CPU
		{27B095EE-46E6-490E-AEF0-19427F6ACD12}.Debug|x64.Deploy.0 = Debug|Any CPU
		{27B095EE-46E6-490E-AEF0-19427F6ACD12}.Debug|x86.ActiveCfg = Debug|Any CPU
		{27B095EE-46E6-490E-AEF0-19427F6ACD12}.Debug|x86.Build.0 = Debug|Any CPU
		{27B095EE-46E6-490E-AEF0-19427F6ACD12}.Debug|x86.Deploy.0 = Debug|Any CPU
		{27B095EE-46E6-490E-AEF0-19427F6ACD12}.Release|Any CPU.ActiveCfg = Release|Any CPU
		{27B095EE-46E6-490E-AEF0-19427F6ACD12}.Release|Any CPU.Build.0 = Release|Any CPU
		{27B095EE-46E6-490E-AEF0-19427F6ACD12}.Release|Any CPU.Deploy.0 = Release|Any CPU
		{27B095EE-46E6-490E-AEF0-19427F6ACD12}.Release|ARM.ActiveCfg = Release|Any CPU
		{27B095EE-46E6-490E-AEF0-19427F6ACD12}.Release|ARM.Build.0 = Release|Any CPU
		{27B095EE-46E6-490E-AEF0-19427F6ACD12}.Release|ARM.Deploy.0 = Release|Any CPU
		{27B095EE-46E6-490E-AEF0-19427F6ACD12}.Release|iPhone.ActiveCfg = Release|Any CPU
		{27B095EE-46E6-490E-AEF0-19427F6ACD12}.Release|iPhone.Build.0 = Release|Any CPU
		{27B095EE-46E6-490E-AEF0-19427F6ACD12}.Release|iPhone.Deploy.0 = Release|Any CPU
		{27B095EE-46E6-490E-AEF0-19427F6ACD12}.Release|iPhoneSimulator.ActiveCfg = Release|Any CPU
		{27B095EE-46E6-490E-AEF0-19427F6ACD12}.Release|iPhoneSimulator.Build.0 = Release|Any CPU
		{27B095EE-46E6-490E-AEF0-19427F6ACD12}.Release|iPhoneSimulator.Deploy.0 = Release|Any CPU
		{27B095EE-46E6-490E-AEF0-19427F6ACD12}.Release|x64.ActiveCfg = Release|Any CPU
		{27B095EE-46E6-490E-AEF0-19427F6ACD12}.Release|x64.Build.0 = Release|Any CPU
		{27B095EE-46E6-490E-AEF0-19427F6ACD12}.Release|x64.Deploy.0 = Release|Any CPU
		{27B095EE-46E6-490E-AEF0-19427F6ACD12}.Release|x86.ActiveCfg = Release|Any CPU
		{27B095EE-46E6-490E-AEF0-19427F6ACD12}.Release|x86.Build.0 = Release|Any CPU
		{27B095EE-46E6-490E-AEF0-19427F6ACD12}.Release|x86.Deploy.0 = Release|Any CPU
		{E5E72561-2BC6-4897-918E-987DA6A95EDB}.Debug|Any CPU.ActiveCfg = Debug|iPhoneSimulator
		{E5E72561-2BC6-4897-918E-987DA6A95EDB}.Debug|Any CPU.Build.0 = Debug|iPhoneSimulator
		{E5E72561-2BC6-4897-918E-987DA6A95EDB}.Debug|Any CPU.Deploy.0 = Debug|iPhoneSimulator
		{E5E72561-2BC6-4897-918E-987DA6A95EDB}.Debug|ARM.ActiveCfg = Debug|iPhone
		{E5E72561-2BC6-4897-918E-987DA6A95EDB}.Debug|ARM.Build.0 = Debug|iPhone
		{E5E72561-2BC6-4897-918E-987DA6A95EDB}.Debug|ARM.Deploy.0 = Debug|iPhone
		{E5E72561-2BC6-4897-918E-987DA6A95EDB}.Debug|iPhone.ActiveCfg = Debug|iPhone
		{E5E72561-2BC6-4897-918E-987DA6A95EDB}.Debug|iPhone.Build.0 = Debug|iPhone
		{E5E72561-2BC6-4897-918E-987DA6A95EDB}.Debug|iPhone.Deploy.0 = Debug|iPhone
		{E5E72561-2BC6-4897-918E-987DA6A95EDB}.Debug|iPhoneSimulator.ActiveCfg = Debug|iPhoneSimulator
		{E5E72561-2BC6-4897-918E-987DA6A95EDB}.Debug|iPhoneSimulator.Build.0 = Debug|iPhoneSimulator
		{E5E72561-2BC6-4897-918E-987DA6A95EDB}.Debug|iPhoneSimulator.Deploy.0 = Debug|iPhoneSimulator
		{E5E72561-2BC6-4897-918E-987DA6A95EDB}.Debug|x64.ActiveCfg = Debug|iPhoneSimulator
		{E5E72561-2BC6-4897-918E-987DA6A95EDB}.Debug|x64.Build.0 = Debug|iPhoneSimulator
		{E5E72561-2BC6-4897-918E-987DA6A95EDB}.Debug|x64.Deploy.0 = Debug|iPhoneSimulator
		{E5E72561-2BC6-4897-918E-987DA6A95EDB}.Debug|x86.ActiveCfg = Debug|iPhoneSimulator
		{E5E72561-2BC6-4897-918E-987DA6A95EDB}.Debug|x86.Build.0 = Debug|iPhoneSimulator
		{E5E72561-2BC6-4897-918E-987DA6A95EDB}.Debug|x86.Deploy.0 = Debug|iPhoneSimulator
		{E5E72561-2BC6-4897-918E-987DA6A95EDB}.Release|Any CPU.ActiveCfg = Release|iPhoneSimulator
		{E5E72561-2BC6-4897-918E-987DA6A95EDB}.Release|Any CPU.Build.0 = Release|iPhoneSimulator
		{E5E72561-2BC6-4897-918E-987DA6A95EDB}.Release|Any CPU.Deploy.0 = Release|iPhoneSimulator
		{E5E72561-2BC6-4897-918E-987DA6A95EDB}.Release|ARM.ActiveCfg = Release|iPhoneSimulator
		{E5E72561-2BC6-4897-918E-987DA6A95EDB}.Release|ARM.Build.0 = Release|iPhoneSimulator
		{E5E72561-2BC6-4897-918E-987DA6A95EDB}.Release|ARM.Deploy.0 = Release|iPhoneSimulator
		{E5E72561-2BC6-4897-918E-987DA6A95EDB}.Release|iPhone.ActiveCfg = Release|iPhone
		{E5E72561-2BC6-4897-918E-987DA6A95EDB}.Release|iPhone.Build.0 = Release|iPhone
		{E5E72561-2BC6-4897-918E-987DA6A95EDB}.Release|iPhone.Deploy.0 = Release|iPhone
		{E5E72561-2BC6-4897-918E-987DA6A95EDB}.Release|iPhoneSimulator.ActiveCfg = Release|iPhoneSimulator
		{E5E72561-2BC6-4897-918E-987DA6A95EDB}.Release|iPhoneSimulator.Build.0 = Release|iPhoneSimulator
		{E5E72561-2BC6-4897-918E-987DA6A95EDB}.Release|iPhoneSimulator.Deploy.0 = Release|iPhoneSimulator
		{E5E72561-2BC6-4897-918E-987DA6A95EDB}.Release|x64.ActiveCfg = Release|iPhoneSimulator
		{E5E72561-2BC6-4897-918E-987DA6A95EDB}.Release|x64.Build.0 = Release|iPhoneSimulator
		{E5E72561-2BC6-4897-918E-987DA6A95EDB}.Release|x64.Deploy.0 = Release|iPhoneSimulator
		{E5E72561-2BC6-4897-918E-987DA6A95EDB}.Release|x86.ActiveCfg = Release|iPhoneSimulator
		{E5E72561-2BC6-4897-918E-987DA6A95EDB}.Release|x86.Build.0 = Release|iPhoneSimulator
		{E5E72561-2BC6-4897-918E-987DA6A95EDB}.Release|x86.Deploy.0 = Release|iPhoneSimulator
		{3C868169-1797-428A-BA68-DAF1F2ABEA29}.Debug|Any CPU.ActiveCfg = Debug|Any CPU
		{3C868169-1797-428A-BA68-DAF1F2ABEA29}.Debug|Any CPU.Build.0 = Debug|Any CPU
		{3C868169-1797-428A-BA68-DAF1F2ABEA29}.Debug|Any CPU.Deploy.0 = Debug|Any CPU
		{3C868169-1797-428A-BA68-DAF1F2ABEA29}.Debug|ARM.ActiveCfg = Debug|Any CPU
		{3C868169-1797-428A-BA68-DAF1F2ABEA29}.Debug|ARM.Build.0 = Debug|Any CPU
		{3C868169-1797-428A-BA68-DAF1F2ABEA29}.Debug|ARM.Deploy.0 = Debug|Any CPU
		{3C868169-1797-428A-BA68-DAF1F2ABEA29}.Debug|iPhone.ActiveCfg = Debug|Any CPU
		{3C868169-1797-428A-BA68-DAF1F2ABEA29}.Debug|iPhone.Build.0 = Debug|Any CPU
		{3C868169-1797-428A-BA68-DAF1F2ABEA29}.Debug|iPhone.Deploy.0 = Debug|Any CPU
		{3C868169-1797-428A-BA68-DAF1F2ABEA29}.Debug|iPhoneSimulator.ActiveCfg = Debug|Any CPU
		{3C868169-1797-428A-BA68-DAF1F2ABEA29}.Debug|iPhoneSimulator.Build.0 = Debug|Any CPU
		{3C868169-1797-428A-BA68-DAF1F2ABEA29}.Debug|iPhoneSimulator.Deploy.0 = Debug|Any CPU
		{3C868169-1797-428A-BA68-DAF1F2ABEA29}.Debug|x64.ActiveCfg = Debug|Any CPU
		{3C868169-1797-428A-BA68-DAF1F2ABEA29}.Debug|x64.Build.0 = Debug|Any CPU
		{3C868169-1797-428A-BA68-DAF1F2ABEA29}.Debug|x64.Deploy.0 = Debug|Any CPU
		{3C868169-1797-428A-BA68-DAF1F2ABEA29}.Debug|x86.ActiveCfg = Debug|Any CPU
		{3C868169-1797-428A-BA68-DAF1F2ABEA29}.Debug|x86.Build.0 = Debug|Any CPU
		{3C868169-1797-428A-BA68-DAF1F2ABEA29}.Debug|x86.Deploy.0 = Debug|Any CPU
		{3C868169-1797-428A-BA68-DAF1F2ABEA29}.Release|Any CPU.ActiveCfg = Release|Any CPU
		{3C868169-1797-428A-BA68-DAF1F2ABEA29}.Release|Any CPU.Build.0 = Release|Any CPU
		{3C868169-1797-428A-BA68-DAF1F2ABEA29}.Release|Any CPU.Deploy.0 = Release|Any CPU
		{3C868169-1797-428A-BA68-DAF1F2ABEA29}.Release|ARM.ActiveCfg = Release|Any CPU
		{3C868169-1797-428A-BA68-DAF1F2ABEA29}.Release|ARM.Build.0 = Release|Any CPU
		{3C868169-1797-428A-BA68-DAF1F2ABEA29}.Release|ARM.Deploy.0 = Release|Any CPU
		{3C868169-1797-428A-BA68-DAF1F2ABEA29}.Release|iPhone.ActiveCfg = Release|Any CPU
		{3C868169-1797-428A-BA68-DAF1F2ABEA29}.Release|iPhone.Build.0 = Release|Any CPU
		{3C868169-1797-428A-BA68-DAF1F2ABEA29}.Release|iPhone.Deploy.0 = Release|Any CPU
		{3C868169-1797-428A-BA68-DAF1F2ABEA29}.Release|iPhoneSimulator.ActiveCfg = Release|Any CPU
		{3C868169-1797-428A-BA68-DAF1F2ABEA29}.Release|iPhoneSimulator.Build.0 = Release|Any CPU
		{3C868169-1797-428A-BA68-DAF1F2ABEA29}.Release|iPhoneSimulator.Deploy.0 = Release|Any CPU
		{3C868169-1797-428A-BA68-DAF1F2ABEA29}.Release|x64.ActiveCfg = Release|Any CPU
		{3C868169-1797-428A-BA68-DAF1F2ABEA29}.Release|x64.Build.0 = Release|Any CPU
		{3C868169-1797-428A-BA68-DAF1F2ABEA29}.Release|x64.Deploy.0 = Release|Any CPU
		{3C868169-1797-428A-BA68-DAF1F2ABEA29}.Release|x86.ActiveCfg = Release|Any CPU
		{3C868169-1797-428A-BA68-DAF1F2ABEA29}.Release|x86.Build.0 = Release|Any CPU
		{3C868169-1797-428A-BA68-DAF1F2ABEA29}.Release|x86.Deploy.0 = Release|Any CPU
	EndGlobalSection
	GlobalSection(SolutionProperties) = preSolution
		HideSolutionNode = FALSE
	EndGlobalSection
	GlobalSection(ExtensibilityGlobals) = postSolution
		SolutionGuid = {CABD47BA-6F63-4EBF-8D95-7AB5F2F624B1}
	EndGlobalSection
EndGlobal
